PODS:
  - Flutter (1.0.0)
  - sorisdk_flutter (0.4.0):
    - Flutter

DEPENDENCIES:
  - Flutter (from `Flutter`)
  - sorisdk_flutter (from `.symlinks/plugins/sorisdk_flutter/ios`)

EXTERNAL SOURCES:
  Flutter:
    :path: Flutter
  sorisdk_flutter:
    :path: ".symlinks/plugins/sorisdk_flutter/ios"

SPEC CHECKSUMS:
  Flutter: cabc95a1d2626b1b06e7179b784ebcf0c0cde467
  sorisdk_flutter: 727e83465dfd7d375f1f0455f2bd666615500e6d

PODFILE CHECKSUM: f8c2dcdfb50bb67645580d28a6bf814fca30bdec

COCOAPODS: 1.16.2
