PODS:
  - Flutter (1.0.0)
  - sorisdk_flutter (0.3.5):
    - Flutter

DEPENDENCIES:
  - Flutter (from `Flutter`)
  - sorisdk_flutter (from `.symlinks/plugins/sorisdk_flutter/ios`)

EXTERNAL SOURCES:
  Flutter:
    :path: Flutter
  sorisdk_flutter:
    :path: ".symlinks/plugins/sorisdk_flutter/ios"

SPEC CHECKSUMS:
  Flutter: cabc95a1d2626b1b06e7179b784ebcf0c0cde467
  sorisdk_flutter: ea9639da42eb87422fb46ac56d8887d2116e330a

PODFILE CHECKSUM: f8c2dcdfb50bb67645580d28a6bf814fca30bdec

COCOAPODS: 1.16.2
